{
  "nodes": {
    "flake-parts": {
      "inputs": {
        "nixpkgs-lib": "nixpkgs-lib"
      },
      "locked": {
        "lastModified": 1738453229,
        "narHash": "sha256-7H9XgNiGLKN1G1CgRh0vUL4AheZSYzPm+zmZ7vxbJdo=",
        "owner": "hercules-ci",
        "repo": "flake-parts",
        "rev": "32ea77a06711b758da0ad9bd6a844c5740a87abd",
        "type": "github"
      },
      "original": {
        "owner": "hercules-ci",
        "repo": "flake-parts",
        "type": "github"
      }
    },
    "htmx": {
      "flake": false,
      "locked": {
        "narHash": "sha256-Tt+p9xYPrcoqVfxsnrj1XMs/cmNlPLvlLvMYNVFjd/g=",
        "type": "file",
        "url": "https://unpkg.com/htmx.org@2.0.0/dist/htmx.min.js"
      },
      "original": {
        "type": "file",
        "url": "https://unpkg.com/htmx.org@2.0.0/dist/htmx.min.js"
      }
    },
    "nixpkgs": {
      "locked": {
        "lastModified": 1738410390,
        "narHash": "sha256-xvTo0Aw0+veek7hvEVLzErmJyQkEcRk6PSR4zsRQFEc=",
        "owner": "NixOS",
        "repo": "nixpkgs",
        "rev": "3a228057f5b619feb3186e986dbe76278d707b6e",
        "type": "github"
      },
      "original": {
        "owner": "NixOS",
        "ref": "nixos-unstable",
        "repo": "nixpkgs",
        "type": "github"
      }
    },
    "nixpkgs-lib": {
      "locked": {
        "lastModified": 1738452942,
        "narHash": "sha256-vJzFZGaCpnmo7I6i416HaBLpC+hvcURh/BQwROcGIp8=",
        "type": "tarball",
        "url": "https://github.com/NixOS/nixpkgs/archive/072a6db25e947df2f31aab9eccd0ab75d5b2da11.tar.gz"
      },
      "original": {
        "type": "tarball",
        "url": "https://github.com/NixOS/nixpkgs/archive/072a6db25e947df2f31aab9eccd0ab75d5b2da11.tar.gz"
      }
    },
    "process-compose-flake": {
      "locked": {
        "lastModified": 1740324671,
        "narHash": "sha256-djc+wRG9L70jlW95Ck4GKr7nTPp1drfsXshJkYZAd9s=",
        "owner": "Platonic-Systems",
        "repo": "process-compose-flake",
        "rev": "2a17e49b8a5d32278ed77e4a881f992472be18a1",
        "type": "github"
      },
      "original": {
        "owner": "Platonic-Systems",
        "repo": "process-compose-flake",
        "type": "github"
      }
    },
    "pyproject-build-systems": {
      "inputs": {
        "nixpkgs": [
          "nixpkgs"
        ],
        "pyproject-nix": [
          "pyproject-nix"
        ],
        "uv2nix": [
          "uv2nix"
        ]
      },
      "locked": {
        "lastModified": 1737338290,
        "narHash": "sha256-gnXlfFEHA+/jMH7R+7y3JxrI3WfOjgBhzzJNuFW70UU=",
        "owner": "pyproject-nix",
        "repo": "build-system-pkgs",
        "rev": "e1487e5cefda0c7990bdd2e660bee20971680e45",
        "type": "github"
      },
      "original": {
        "owner": "pyproject-nix",
        "repo": "build-system-pkgs",
        "type": "github"
      }
    },
    "pyproject-nix": {
      "inputs": {
        "nixpkgs": [
          "nixpkgs"
        ]
      },
      "locked": {
        "lastModified": 1738204167,
        "narHash": "sha256-J5M2sj3x4ocM93shScT/3Z4XWHZhwwW1NyQK+C+8Mys=",
        "owner": "pyproject-nix",
        "repo": "pyproject.nix",
        "rev": "0d9f4b90cee1b5c5d6c142ef22de1e246e003ccc",
        "type": "github"
      },
      "original": {
        "owner": "pyproject-nix",
        "repo": "pyproject.nix",
        "type": "github"
      }
    },
    "root": {
      "inputs": {
        "flake-parts": "flake-parts",
        "htmx": "htmx",
        "nixpkgs": "nixpkgs",
        "process-compose-flake": "process-compose-flake",
        "pyproject-build-systems": "pyproject-build-systems",
        "pyproject-nix": "pyproject-nix",
        "simple-css": "simple-css",
        "uv2nix": "uv2nix"
      }
    },
    "simple-css": {
      "flake": false,
      "locked": {
        "narHash": "sha256-SsVO8FUnWKt7C9yl9HNIvL7X1RNvGNFPT4oqGt60PlU=",
        "type": "file",
        "url": "https://cdn.simplecss.org/simple.min.css"
      },
      "original": {
        "type": "file",
        "url": "https://cdn.simplecss.org/simple.min.css"
      }
    },
    "uv2nix": {
      "inputs": {
        "nixpkgs": [
          "nixpkgs"
        ],
        "pyproject-nix": [
          "pyproject-nix"
        ]
      },
      "locked": {
        "lastModified": 1738200085,
        "narHash": "sha256-Lwb86tkHoeJdjYaAHYZPkUZJoWXNHb5IQjzDyd4Vxno=",
        "owner": "pyproject-nix",
        "repo": "uv2nix",
        "rev": "fd41fdec2fed599ba884bc2706c2263f01e2183c",
        "type": "github"
      },
      "original": {
        "owner": "pyproject-nix",
        "repo": "uv2nix",
        "type": "github"
      }
    }
  },
  "root": "root",
  "version": 7
}
